
Microsoft Visual Studio Solution File, Format Version 12.00
# Visual Studio Version 17
VisualStudioVersion = 17.3.32901.215
MinimumVisualStudioVersion = 10.0.40219.1
Project("{FAE04EC0-301F-11D3-BF4B-00C04F79EFBC}") = "ProjectWeb", "ProjectWeb.csproj", "{09E5E384-DB82-49CA-9B5F-33E0A068D098}"
EndProject
Global
	GlobalSection(SolutionConfigurationPlatforms) = preSolution
		Debug|Any CPU = Debug|Any CPU
		Release|Any CPU = Release|Any CPU
	EndGlobalSection
	GlobalSection(ProjectConfigurationPlatforms) = postSolution
		{09E5E384-DB82-49CA-9B5F-33E0A068D098}.Debug|Any CPU.ActiveCfg = Debug|Any CPU
		{09E5E384-DB82-49CA-9B5F-33E0A068D098}.Debug|Any CPU.Build.0 = Debug|Any CPU
		{09E5E384-DB82-49CA-9B5F-33E0A068D098}.Release|Any CPU.ActiveCfg = Release|Any CPU
		{09E5E384-DB82-49CA-9B5F-33E0A068D098}.Release|Any CPU.Build.0 = Release|Any CPU
	EndGlobalSection
	GlobalSection(SolutionProperties) = preSolution
		HideSolutionNode = FALSE
	EndGlobalSection
	GlobalSection(ExtensibilityGlobals) = postSolution
		SolutionGuid = {3F904E35-B462-466B-9221-4BCB39B393B8}
	EndGlobalSection
EndGlobal
